
Microsoft Visual Studio Solution File, Format Version 12.00
# Visual Studio Version 17
VisualStudioVersion = 17.9.34714.143
MinimumVisualStudioVersion = 10.0.40219.1
Project("{FAE04EC0-301F-11D3-BF4B-00C04F79EFBC}") = "Basic_CRUD", "Basic_CRUD\Basic_CRUD.csproj", "{A8643D87-348E-4130-9ABC-0DE1C5E9DABB}"
EndProject
Global
	GlobalSection(SolutionConfigurationPlatforms) = preSolution
		Debug|Any CPU = Debug|Any CPU
		Release|Any CPU = Release|Any CPU
	EndGlobalSection
	GlobalSection(ProjectConfigurationPlatforms) = postSolution
		{A8643D87-348E-4130-9ABC-0DE1C5E9DABB}.Debug|Any CPU.ActiveCfg = Debug|Any CPU
		{A8643D87-348E-4130-9ABC-0DE1C5E9DABB}.Debug|Any CPU.Build.0 = Debug|Any CPU
		{A8643D87-348E-4130-9ABC-0DE1C5E9DABB}.Release|Any CPU.ActiveCfg = Release|Any CPU
		{A8643D87-348E-4130-9ABC-0DE1C5E9DABB}.Release|Any CPU.Build.0 = Release|Any CPU
	EndGlobalSection
	GlobalSection(SolutionProperties) = preSolution
		HideSolutionNode = FALSE
	EndGlobalSection
	GlobalSection(ExtensibilityGlobals) = postSolution
		SolutionGuid = {4FF6E94C-156B-40BF-934B-D2FCE3F87E30}
	EndGlobalSection
EndGlobal
